
Microsoft Visual Studio Solution File, Format Version 12.00
# Visual Studio Version 17
VisualStudioVersion = 17.13.35806.99 d17.13
MinimumVisualStudioVersion = 10.0.40219.1
Project("{FAE04EC0-301F-11D3-BF4B-00C04F79EFBC}") = "Lecture05ActionMethodsAndController", "Lecture05ActionMethodsAndController\Lecture05ActionMethodsAndController.csproj", "{5260F1E2-D288-42DC-8FBD-C0F286EFE48F}"
EndProject
Global
	GlobalSection(SolutionConfigurationPlatforms) = preSolution
		Debug|Any CPU = Debug|Any CPU
		Release|Any CPU = Release|Any CPU
	EndGlobalSection
	GlobalSection(ProjectConfigurationPlatforms) = postSolution
		{5260F1E2-D288-42DC-8FBD-C0F286EFE48F}.Debug|Any CPU.ActiveCfg = Debug|Any CPU
		{5260F1E2-D288-42DC-8FBD-C0F286EFE48F}.Debug|Any CPU.Build.0 = Debug|Any CPU
		{5260F1E2-D288-42DC-8FBD-C0F286EFE48F}.Release|Any CPU.ActiveCfg = Release|Any CPU
		{5260F1E2-D288-42DC-8FBD-C0F286EFE48F}.Release|Any CPU.Build.0 = Release|Any CPU
	EndGlobalSection
	GlobalSection(SolutionProperties) = preSolution
		HideSolutionNode = FALSE
	EndGlobalSection
	GlobalSection(ExtensibilityGlobals) = postSolution
		SolutionGuid = {7EDAC81E-7B66-4A7D-A556-F2A6E14B00F2}
	EndGlobalSection
EndGlobal
