
Microsoft Visual Studio Solution File, Format Version 12.00
# Visual Studio Version 17
VisualStudioVersion = 17.13.35806.99 d17.13
MinimumVisualStudioVersion = 10.0.40219.1
Project("{FAE04EC0-301F-11D3-BF4B-00C04F79EFBC}") = "Lecture06RazorEngineView", "Lecture06RazorEngineView\Lecture06RazorEngineView.csproj", "{611BE8AE-B224-4911-9DAF-0056AE6A934D}"
EndProject
Global
	GlobalSection(SolutionConfigurationPlatforms) = preSolution
		Debug|Any CPU = Debug|Any CPU
		Release|Any CPU = Release|Any CPU
	EndGlobalSection
	GlobalSection(ProjectConfigurationPlatforms) = postSolution
		{611BE8AE-B224-4911-9DAF-0056AE6A934D}.Debug|Any CPU.ActiveCfg = Debug|Any CPU
		{611BE8AE-B224-4911-9DAF-0056AE6A934D}.Debug|Any CPU.Build.0 = Debug|Any CPU
		{611BE8AE-B224-4911-9DAF-0056AE6A934D}.Release|Any CPU.ActiveCfg = Release|Any CPU
		{611BE8AE-B224-4911-9DAF-0056AE6A934D}.Release|Any CPU.Build.0 = Release|Any CPU
	EndGlobalSection
	GlobalSection(SolutionProperties) = preSolution
		HideSolutionNode = FALSE
	EndGlobalSection
	GlobalSection(ExtensibilityGlobals) = postSolution
		SolutionGuid = {B027E4DA-B359-4A15-BB36-64BCF3678F5B}
	EndGlobalSection
EndGlobal
