
Microsoft Visual Studio Solution File, Format Version 12.00
# Visual Studio Version 17
VisualStudioVersion = 17.13.35806.99 d17.13
MinimumVisualStudioVersion = 10.0.40219.1
Project("{FAE04EC0-301F-11D3-BF4B-00C04F79EFBC}") = "Lecture01MiddlewareRunVsUse", "Lecture01MiddlewareRunVsUse\Lecture01MiddlewareRunVsUse.csproj", "{2125E272-7B33-42D4-BF34-E99185F390B0}"
EndProject
Global
	GlobalSection(SolutionConfigurationPlatforms) = preSolution
		Debug|Any CPU = Debug|Any CPU
		Release|Any CPU = Release|Any CPU
	EndGlobalSection
	GlobalSection(ProjectConfigurationPlatforms) = postSolution
		{2125E272-7B33-42D4-BF34-E99185F390B0}.Debug|Any CPU.ActiveCfg = Debug|Any CPU
		{2125E272-7B33-42D4-BF34-E99185F390B0}.Debug|Any CPU.Build.0 = Debug|Any CPU
		{2125E272-7B33-42D4-BF34-E99185F390B0}.Release|Any CPU.ActiveCfg = Release|Any CPU
		{2125E272-7B33-42D4-BF34-E99185F390B0}.Release|Any CPU.Build.0 = Release|Any CPU
	EndGlobalSection
	GlobalSection(SolutionProperties) = preSolution
		HideSolutionNode = FALSE
	EndGlobalSection
	GlobalSection(ExtensibilityGlobals) = postSolution
		SolutionGuid = {3A2BA577-C160-45B2-AD3F-B27C2626CE25}
	EndGlobalSection
EndGlobal
